// !$*UTF8*$!
{
	archiveVersion = 1;
	classes = {
	};
	objectVersion = 54;
	objects = {

/* Begin PBXBuildFile section */
		541071C82A4147F6001418F9 /* UITableViewExtension.swift in Sources */ = {isa = PBXBuildFile; fileRef = 541071C72A4147F6001418F9 /* UITableViewExtension.swift */; };
		541071CA2A41690A001418F9 /* Endpoints.swift in Sources */ = {isa = PBXBuildFile; fileRef = 541071C92A41690A001418F9 /* Endpoints.swift */; };
		541071CC2A41747A001418F9 /* UIViewExtension.swift in Sources */ = {isa = PBXBuildFile; fileRef = 541071CB2A41747A001418F9 /* UIViewExtension.swift */; };
		541071D42A4179AA001418F9 /* NewsCategoriesController.xib in Resources */ = {isa = PBXBuildFile; fileRef = 541071D32A4179AA001418F9 /* NewsCategoriesController.xib */; };
		541071D62A417E82001418F9 /* CategoryEnums.swift in Sources */ = {isa = PBXBuildFile; fileRef = 541071D52A417E82001418F9 /* CategoryEnums.swift */; };
		54112D642A42F23200F77F7C /* UIViewControllerExtension.swift in Sources */ = {isa = PBXBuildFile; fileRef = 54112D632A42F23200F77F7C /* UIViewControllerExtension.swift */; };
		54112D662A42F2A200F77F7C /* LoadingView.swift in Sources */ = {isa = PBXBuildFile; fileRef = 54112D652A42F2A200F77F7C /* LoadingView.swift */; };
		54112D682A4318F400F77F7C /* LoadingView.xib in Resources */ = {isa = PBXBuildFile; fileRef = 54112D672A4318F400F77F7C /* LoadingView.xib */; };
		54112D6A2A431A7000F77F7C /* UIColorExtension.swift in Sources */ = {isa = PBXBuildFile; fileRef = 54112D692A431A7000F77F7C /* UIColorExtension.swift */; };
		54230F522A43579600743AB2 /* AlertView.swift in Sources */ = {isa = PBXBuildFile; fileRef = 54230F512A43579600743AB2 /* AlertView.swift */; };
		54230F542A4359FB00743AB2 /* UILabelExtension.swift in Sources */ = {isa = PBXBuildFile; fileRef = 54230F532A4359FB00743AB2 /* UILabelExtension.swift */; };
		545A04E32A407CCE00A62506 /* APIService.swift in Sources */ = {isa = PBXBuildFile; fileRef = 545A04E22A407CCE00A62506 /* APIService.swift */; };
		545A04E52A4084AB00A62506 /* NewsEnums.swift in Sources */ = {isa = PBXBuildFile; fileRef = 545A04E42A4084AB00A62506 /* NewsEnums.swift */; };
		54CB1F5B2A419AFD0041FFD2 /* NewsUserDefaults.swift in Sources */ = {isa = PBXBuildFile; fileRef = 54CB1F5A2A419AFD0041FFD2 /* NewsUserDefaults.swift */; };
		54CB1F5D2A41A43B0041FFD2 /* FetchError.swift in Sources */ = {isa = PBXBuildFile; fileRef = 54CB1F5C2A41A43B0041FFD2 /* FetchError.swift */; };
		54CB1F5F2A41AF3F0041FFD2 /* ArticleDetailPresenter.swift in Sources */ = {isa = PBXBuildFile; fileRef = 54CB1F5E2A41AF3F0041FFD2 /* ArticleDetailPresenter.swift */; };
		54E476592A402D0B00539C38 /* AppDelegate.swift in Sources */ = {isa = PBXBuildFile; fileRef = 54E476582A402D0B00539C38 /* AppDelegate.swift */; };
		54E4765B2A402D0B00539C38 /* SceneDelegate.swift in Sources */ = {isa = PBXBuildFile; fileRef = 54E4765A2A402D0B00539C38 /* SceneDelegate.swift */; };
		54E476622A402D0D00539C38 /* Assets.xcassets in Resources */ = {isa = PBXBuildFile; fileRef = 54E476612A402D0D00539C38 /* Assets.xcassets */; };
		54E476652A402D0D00539C38 /* LaunchScreen.storyboard in Resources */ = {isa = PBXBuildFile; fileRef = 54E476632A402D0D00539C38 /* LaunchScreen.storyboard */; };
		54E476762A4032D300539C38 /* NewsCategoriesController.swift in Sources */ = {isa = PBXBuildFile; fileRef = 54E476742A4032D300539C38 /* NewsCategoriesController.swift */; };
		54E4767C2A40332A00539C38 /* NewsSourcesController.swift in Sources */ = {isa = PBXBuildFile; fileRef = 54E4767A2A40332A00539C38 /* NewsSourcesController.swift */; };
		54E4767D2A40332A00539C38 /* NewsSourcesController.xib in Resources */ = {isa = PBXBuildFile; fileRef = 54E4767B2A40332A00539C38 /* NewsSourcesController.xib */; };
		54E476802A40334100539C38 /* NewsArticlesController.swift in Sources */ = {isa = PBXBuildFile; fileRef = 54E4767E2A40334100539C38 /* NewsArticlesController.swift */; };
		54E476812A40334100539C38 /* NewsArticlesController.xib in Resources */ = {isa = PBXBuildFile; fileRef = 54E4767F2A40334100539C38 /* NewsArticlesController.xib */; };
		54E476852A40335F00539C38 /* ArticleDetailViewController.swift in Sources */ = {isa = PBXBuildFile; fileRef = 54E476832A40335F00539C38 /* ArticleDetailViewController.swift */; };
		54E476862A40335F00539C38 /* ArticleDetailViewController.xib in Resources */ = {isa = PBXBuildFile; fileRef = 54E476842A40335F00539C38 /* ArticleDetailViewController.xib */; };
		54E476882A40337F00539C38 /* NewsInteractor.swift in Sources */ = {isa = PBXBuildFile; fileRef = 54E476872A40337F00539C38 /* NewsInteractor.swift */; };
		54E4768A2A40339100539C38 /* NewsCategoriesPresenter.swift in Sources */ = {isa = PBXBuildFile; fileRef = 54E476892A40339100539C38 /* NewsCategoriesPresenter.swift */; };
		54E4768C2A40339D00539C38 /* NewsSourcesPresenter.swift in Sources */ = {isa = PBXBuildFile; fileRef = 54E4768B2A40339D00539C38 /* NewsSourcesPresenter.swift */; };
		54E476902A4033AF00539C38 /* NewsArticlesPresenter.swift in Sources */ = {isa = PBXBuildFile; fileRef = 54E4768F2A4033AF00539C38 /* NewsArticlesPresenter.swift */; };
		54E476922A4033C200539C38 /* NewsCategory.swift in Sources */ = {isa = PBXBuildFile; fileRef = 54E476912A4033C200539C38 /* NewsCategory.swift */; };
		54E476982A4033DC00539C38 /* Router.swift in Sources */ = {isa = PBXBuildFile; fileRef = 54E476972A4033DC00539C38 /* Router.swift */; };
		54E4769B2A4033F700539C38 /* NewsApiServices.swift in Sources */ = {isa = PBXBuildFile; fileRef = 54E4769A2A4033F700539C38 /* NewsApiServices.swift */; };
		54E4769F2A40347D00539C38 /* NewsArticleCell.swift in Sources */ = {isa = PBXBuildFile; fileRef = 54E4769D2A40347D00539C38 /* NewsArticleCell.swift */; };
		54E476A02A40347D00539C38 /* NewsArticleCell.xib in Resources */ = {isa = PBXBuildFile; fileRef = 54E4769E2A40347D00539C38 /* NewsArticleCell.xib */; };
		54E476A32A40348D00539C38 /* NewsSourceCell.swift in Sources */ = {isa = PBXBuildFile; fileRef = 54E476A12A40348D00539C38 /* NewsSourceCell.swift */; };
		54E476A42A40348D00539C38 /* NewsSourceCell.xib in Resources */ = {isa = PBXBuildFile; fileRef = 54E476A22A40348D00539C38 /* NewsSourceCell.xib */; };
		54E476AE2A4046C300539C38 /* UIImageViewExtension.swift in Sources */ = {isa = PBXBuildFile; fileRef = 54E476AD2A4046C300539C38 /* UIImageViewExtension.swift */; };
		8D4CDEB0CD13E7B5D6EF28F1 /* Pods_NewsApi.framework in Frameworks */ = {isa = PBXBuildFile; fileRef = 9503A07869BC1011B11DACED /* Pods_NewsApi.framework */; };
/* End PBXBuildFile section */

/* Begin PBXFileReference section */
		541071C72A4147F6001418F9 /* UITableViewExtension.swift */ = {isa = PBXFileReference; lastKnownFileType = sourcecode.swift; path = UITableViewExtension.swift; sourceTree = "<group>"; };
		541071C92A41690A001418F9 /* Endpoints.swift */ = {isa = PBXFileReference; lastKnownFileType = sourcecode.swift; path = Endpoints.swift; sourceTree = "<group>"; };
		541071CB2A41747A001418F9 /* UIViewExtension.swift */ = {isa = PBXFileReference; lastKnownFileType = sourcecode.swift; path = UIViewExtension.swift; sourceTree = "<group>"; };
		541071D32A4179AA001418F9 /* NewsCategoriesController.xib */ = {isa = PBXFileReference; lastKnownFileType = file.xib; path = NewsCategoriesController.xib; sourceTree = "<group>"; };
		541071D52A417E82001418F9 /* CategoryEnums.swift */ = {isa = PBXFileReference; lastKnownFileType = sourcecode.swift; path = CategoryEnums.swift; sourceTree = "<group>"; };
		54112D632A42F23200F77F7C /* UIViewControllerExtension.swift */ = {isa = PBXFileReference; lastKnownFileType = sourcecode.swift; path = UIViewControllerExtension.swift; sourceTree = "<group>"; };
		54112D652A42F2A200F77F7C /* LoadingView.swift */ = {isa = PBXFileReference; lastKnownFileType = sourcecode.swift; path = LoadingView.swift; sourceTree = "<group>"; };
		54112D672A4318F400F77F7C /* LoadingView.xib */ = {isa = PBXFileReference; lastKnownFileType = file.xib; path = LoadingView.xib; sourceTree = "<group>"; };
		54112D692A431A7000F77F7C /* UIColorExtension.swift */ = {isa = PBXFileReference; lastKnownFileType = sourcecode.swift; path = UIColorExtension.swift; sourceTree = "<group>"; };
		54230F512A43579600743AB2 /* AlertView.swift */ = {isa = PBXFileReference; lastKnownFileType = sourcecode.swift; path = AlertView.swift; sourceTree = "<group>"; };
		54230F532A4359FB00743AB2 /* UILabelExtension.swift */ = {isa = PBXFileReference; lastKnownFileType = sourcecode.swift; path = UILabelExtension.swift; sourceTree = "<group>"; };
		545A04E22A407CCE00A62506 /* APIService.swift */ = {isa = PBXFileReference; lastKnownFileType = sourcecode.swift; path = APIService.swift; sourceTree = "<group>"; };
		545A04E42A4084AB00A62506 /* NewsEnums.swift */ = {isa = PBXFileReference; lastKnownFileType = sourcecode.swift; path = NewsEnums.swift; sourceTree = "<group>"; };
		54CB1F5A2A419AFD0041FFD2 /* NewsUserDefaults.swift */ = {isa = PBXFileReference; lastKnownFileType = sourcecode.swift; path = NewsUserDefaults.swift; sourceTree = "<group>"; };
		54CB1F5C2A41A43B0041FFD2 /* FetchError.swift */ = {isa = PBXFileReference; lastKnownFileType = sourcecode.swift; path = FetchError.swift; sourceTree = "<group>"; };
		54CB1F5E2A41AF3F0041FFD2 /* ArticleDetailPresenter.swift */ = {isa = PBXFileReference; lastKnownFileType = sourcecode.swift; path = ArticleDetailPresenter.swift; sourceTree = "<group>"; };
		54E476552A402D0B00539C38 /* NewsApi.app */ = {isa = PBXFileReference; explicitFileType = wrapper.application; includeInIndex = 0; path = NewsApi.app; sourceTree = BUILT_PRODUCTS_DIR; };
		54E476582A402D0B00539C38 /* AppDelegate.swift */ = {isa = PBXFileReference; lastKnownFileType = sourcecode.swift; path = AppDelegate.swift; sourceTree = "<group>"; };
		54E4765A2A402D0B00539C38 /* SceneDelegate.swift */ = {isa = PBXFileReference; lastKnownFileType = sourcecode.swift; path = SceneDelegate.swift; sourceTree = "<group>"; };
		54E476612A402D0D00539C38 /* Assets.xcassets */ = {isa = PBXFileReference; lastKnownFileType = folder.assetcatalog; path = Assets.xcassets; sourceTree = "<group>"; };
		54E476642A402D0D00539C38 /* Base */ = {isa = PBXFileReference; lastKnownFileType = file.storyboard; name = Base; path = Base.lproj/LaunchScreen.storyboard; sourceTree = "<group>"; };
		54E476662A402D0E00539C38 /* Info.plist */ = {isa = PBXFileReference; lastKnownFileType = text.plist.xml; path = Info.plist; sourceTree = "<group>"; };
		54E476742A4032D300539C38 /* NewsCategoriesController.swift */ = {isa = PBXFileReference; lastKnownFileType = sourcecode.swift; path = NewsCategoriesController.swift; sourceTree = "<group>"; };
		54E4767A2A40332A00539C38 /* NewsSourcesController.swift */ = {isa = PBXFileReference; lastKnownFileType = sourcecode.swift; path = NewsSourcesController.swift; sourceTree = "<group>"; };
		54E4767B2A40332A00539C38 /* NewsSourcesController.xib */ = {isa = PBXFileReference; lastKnownFileType = file.xib; path = NewsSourcesController.xib; sourceTree = "<group>"; };
		54E4767E2A40334100539C38 /* NewsArticlesController.swift */ = {isa = PBXFileReference; lastKnownFileType = sourcecode.swift; path = NewsArticlesController.swift; sourceTree = "<group>"; };
		54E4767F2A40334100539C38 /* NewsArticlesController.xib */ = {isa = PBXFileReference; lastKnownFileType = file.xib; path = NewsArticlesController.xib; sourceTree = "<group>"; };
		54E476832A40335F00539C38 /* ArticleDetailViewController.swift */ = {isa = PBXFileReference; lastKnownFileType = sourcecode.swift; path = ArticleDetailViewController.swift; sourceTree = "<group>"; };
		54E476842A40335F00539C38 /* ArticleDetailViewController.xib */ = {isa = PBXFileReference; lastKnownFileType = file.xib; path = ArticleDetailViewController.xib; sourceTree = "<group>"; };
		54E476872A40337F00539C38 /* NewsInteractor.swift */ = {isa = PBXFileReference; lastKnownFileType = sourcecode.swift; path = NewsInteractor.swift; sourceTree = "<group>"; };
		54E476892A40339100539C38 /* NewsCategoriesPresenter.swift */ = {isa = PBXFileReference; lastKnownFileType = sourcecode.swift; path = NewsCategoriesPresenter.swift; sourceTree = "<group>"; };
		54E4768B2A40339D00539C38 /* NewsSourcesPresenter.swift */ = {isa = PBXFileReference; lastKnownFileType = sourcecode.swift; path = NewsSourcesPresenter.swift; sourceTree = "<group>"; };
		54E4768F2A4033AF00539C38 /* NewsArticlesPresenter.swift */ = {isa = PBXFileReference; lastKnownFileType = sourcecode.swift; path = NewsArticlesPresenter.swift; sourceTree = "<group>"; };
		54E476912A4033C200539C38 /* NewsCategory.swift */ = {isa = PBXFileReference; lastKnownFileType = sourcecode.swift; path = NewsCategory.swift; sourceTree = "<group>"; };
		54E476972A4033DC00539C38 /* Router.swift */ = {isa = PBXFileReference; lastKnownFileType = sourcecode.swift; path = Router.swift; sourceTree = "<group>"; };
		54E4769A2A4033F700539C38 /* NewsApiServices.swift */ = {isa = PBXFileReference; lastKnownFileType = sourcecode.swift; path = NewsApiServices.swift; sourceTree = "<group>"; };
		54E4769D2A40347D00539C38 /* NewsArticleCell.swift */ = {isa = PBXFileReference; lastKnownFileType = sourcecode.swift; path = NewsArticleCell.swift; sourceTree = "<group>"; };
		54E4769E2A40347D00539C38 /* NewsArticleCell.xib */ = {isa = PBXFileReference; lastKnownFileType = file.xib; path = NewsArticleCell.xib; sourceTree = "<group>"; };
		54E476A12A40348D00539C38 /* NewsSourceCell.swift */ = {isa = PBXFileReference; lastKnownFileType = sourcecode.swift; path = NewsSourceCell.swift; sourceTree = "<group>"; };
		54E476A22A40348D00539C38 /* NewsSourceCell.xib */ = {isa = PBXFileReference; lastKnownFileType = file.xib; path = NewsSourceCell.xib; sourceTree = "<group>"; };
		54E476AD2A4046C300539C38 /* UIImageViewExtension.swift */ = {isa = PBXFileReference; lastKnownFileType = sourcecode.swift; path = UIImageViewExtension.swift; sourceTree = "<group>"; };
		7AC7197CD7CE587FB0617625 /* Pods-NewsApi.debug.xcconfig */ = {isa = PBXFileReference; includeInIndex = 1; lastKnownFileType = text.xcconfig; name = "Pods-NewsApi.debug.xcconfig"; path = "Target Support Files/Pods-NewsApi/Pods-NewsApi.debug.xcconfig"; sourceTree = "<group>"; };
		9503A07869BC1011B11DACED /* Pods_NewsApi.framework */ = {isa = PBXFileReference; explicitFileType = wrapper.framework; includeInIndex = 0; path = Pods_NewsApi.framework; sourceTree = BUILT_PRODUCTS_DIR; };
		9BF65A2F755853DFA3806F76 /* Pods-NewsApi.release.xcconfig */ = {isa = PBXFileReference; includeInIndex = 1; lastKnownFileType = text.xcconfig; name = "Pods-NewsApi.release.xcconfig"; path = "Target Support Files/Pods-NewsApi/Pods-NewsApi.release.xcconfig"; sourceTree = "<group>"; };
/* End PBXFileReference section */

/* Begin PBXFrameworksBuildPhase section */
		54E476522A402D0B00539C38 /* Frameworks */ = {
			isa = PBXFrameworksBuildPhase;
			buildActionMask = 2147483647;
			files = (
				8D4CDEB0CD13E7B5D6EF28F1 /* Pods_NewsApi.framework in Frameworks */,
			);
			runOnlyForDeploymentPostprocessing = 0;
		};
/* End PBXFrameworksBuildPhase section */

/* Begin PBXGroup section */
		14116CF52FDB56E274130D31 /* Frameworks */ = {
			isa = PBXGroup;
			children = (
				9503A07869BC1011B11DACED /* Pods_NewsApi.framework */,
			);
			name = Frameworks;
			sourceTree = "<group>";
		};
		54E4764C2A402D0B00539C38 = {
			isa = PBXGroup;
			children = (
				54E476572A402D0B00539C38 /* NewsApi */,
				54E476562A402D0B00539C38 /* Products */,
				C845306181030A52B72CEFAA /* Pods */,
				14116CF52FDB56E274130D31 /* Frameworks */,
			);
			sourceTree = "<group>";
		};
		54E476562A402D0B00539C38 /* Products */ = {
			isa = PBXGroup;
			children = (
				54E476552A402D0B00539C38 /* NewsApi.app */,
			);
			name = Products;
			sourceTree = "<group>";
		};
		54E476572A402D0B00539C38 /* NewsApi */ = {
			isa = PBXGroup;
			children = (
				54E476722A40316100539C38 /* app-settings */,
				54E476712A40313900539C38 /* Assets */,
				54E4766C2A4030B200539C38 /* View */,
				54E4766D2A4030B800539C38 /* Interactor */,
				54E4766E2A4030BE00539C38 /* Presenter */,
				54E4766F2A4030C400539C38 /* Entity */,
				54E476702A4030CA00539C38 /* Router */,
				54E476992A4033E300539C38 /* Services */,
				54E4769C2A40345700539C38 /* Components */,
				54E476AC2A4046AF00539C38 /* Utility */,
				54E476662A402D0E00539C38 /* Info.plist */,
			);
			path = NewsApi;
			sourceTree = "<group>";
		};
		54E4766C2A4030B200539C38 /* View */ = {
			isa = PBXGroup;
			children = (
				54E476732A4032B400539C38 /* News Categories */,
				54E476782A40330800539C38 /* News Sources */,
				54E476792A40330F00539C38 /* News Articles */,
				54E476822A40334D00539C38 /* Article Detail */,
				54E476632A402D0D00539C38 /* LaunchScreen.storyboard */,
			);
			path = View;
			sourceTree = "<group>";
		};
		54E4766D2A4030B800539C38 /* Interactor */ = {
			isa = PBXGroup;
			children = (
				54E476872A40337F00539C38 /* NewsInteractor.swift */,
			);
			path = Interactor;
			sourceTree = "<group>";
		};
		54E4766E2A4030BE00539C38 /* Presenter */ = {
			isa = PBXGroup;
			children = (
				54E476892A40339100539C38 /* NewsCategoriesPresenter.swift */,
				54E4768B2A40339D00539C38 /* NewsSourcesPresenter.swift */,
				54E4768F2A4033AF00539C38 /* NewsArticlesPresenter.swift */,
				54CB1F5E2A41AF3F0041FFD2 /* ArticleDetailPresenter.swift */,
			);
			path = Presenter;
			sourceTree = "<group>";
		};
		54E4766F2A4030C400539C38 /* Entity */ = {
			isa = PBXGroup;
			children = (
				54E476912A4033C200539C38 /* NewsCategory.swift */,
				545A04E42A4084AB00A62506 /* NewsEnums.swift */,
				541071D52A417E82001418F9 /* CategoryEnums.swift */,
				54CB1F5A2A419AFD0041FFD2 /* NewsUserDefaults.swift */,
				54CB1F5C2A41A43B0041FFD2 /* FetchError.swift */,
			);
			path = Entity;
			sourceTree = "<group>";
		};
		54E476702A4030CA00539C38 /* Router */ = {
			isa = PBXGroup;
			children = (
				54E476972A4033DC00539C38 /* Router.swift */,
			);
			path = Router;
			sourceTree = "<group>";
		};
		54E476712A40313900539C38 /* Assets */ = {
			isa = PBXGroup;
			children = (
				54E476612A402D0D00539C38 /* Assets.xcassets */,
			);
			path = Assets;
			sourceTree = "<group>";
		};
		54E476722A40316100539C38 /* app-settings */ = {
			isa = PBXGroup;
			children = (
				54E476582A402D0B00539C38 /* AppDelegate.swift */,
				54E4765A2A402D0B00539C38 /* SceneDelegate.swift */,
			);
			path = "app-settings";
			sourceTree = "<group>";
		};
		54E476732A4032B400539C38 /* News Categories */ = {
			isa = PBXGroup;
			children = (
				54E476742A4032D300539C38 /* NewsCategoriesController.swift */,
				541071D32A4179AA001418F9 /* NewsCategoriesController.xib */,
			);
			path = "News Categories";
			sourceTree = "<group>";
		};
		54E476782A40330800539C38 /* News Sources */ = {
			isa = PBXGroup;
			children = (
				54E4767A2A40332A00539C38 /* NewsSourcesController.swift */,
				54E4767B2A40332A00539C38 /* NewsSourcesController.xib */,
			);
			path = "News Sources";
			sourceTree = "<group>";
		};
		54E476792A40330F00539C38 /* News Articles */ = {
			isa = PBXGroup;
			children = (
				54E4767E2A40334100539C38 /* NewsArticlesController.swift */,
				54E4767F2A40334100539C38 /* NewsArticlesController.xib */,
			);
			path = "News Articles";
			sourceTree = "<group>";
		};
		54E476822A40334D00539C38 /* Article Detail */ = {
			isa = PBXGroup;
			children = (
				54E476832A40335F00539C38 /* ArticleDetailViewController.swift */,
				54E476842A40335F00539C38 /* ArticleDetailViewController.xib */,
			);
			path = "Article Detail";
			sourceTree = "<group>";
		};
		54E476992A4033E300539C38 /* Services */ = {
			isa = PBXGroup;
			children = (
				54E4769A2A4033F700539C38 /* NewsApiServices.swift */,
				545A04E22A407CCE00A62506 /* APIService.swift */,
				541071C92A41690A001418F9 /* Endpoints.swift */,
			);
			path = Services;
			sourceTree = "<group>";
		};
		54E4769C2A40345700539C38 /* Components */ = {
			isa = PBXGroup;
			children = (
				54E4769D2A40347D00539C38 /* NewsArticleCell.swift */,
				54E4769E2A40347D00539C38 /* NewsArticleCell.xib */,
				54E476A12A40348D00539C38 /* NewsSourceCell.swift */,
				54E476A22A40348D00539C38 /* NewsSourceCell.xib */,
				54112D652A42F2A200F77F7C /* LoadingView.swift */,
				54112D672A4318F400F77F7C /* LoadingView.xib */,
				54230F512A43579600743AB2 /* AlertView.swift */,
			);
			path = Components;
			sourceTree = "<group>";
		};
		54E476AC2A4046AF00539C38 /* Utility */ = {
			isa = PBXGroup;
			children = (
				54E476AD2A4046C300539C38 /* UIImageViewExtension.swift */,
				541071C72A4147F6001418F9 /* UITableViewExtension.swift */,
				541071CB2A41747A001418F9 /* UIViewExtension.swift */,
				54112D632A42F23200F77F7C /* UIViewControllerExtension.swift */,
				54112D692A431A7000F77F7C /* UIColorExtension.swift */,
				54230F532A4359FB00743AB2 /* UILabelExtension.swift */,
			);
			path = Utility;
			sourceTree = "<group>";
		};
		C845306181030A52B72CEFAA /* Pods */ = {
			isa = PBXGroup;
			children = (
				7AC7197CD7CE587FB0617625 /* Pods-NewsApi.debug.xcconfig */,
				9BF65A2F755853DFA3806F76 /* Pods-NewsApi.release.xcconfig */,
			);
			path = Pods;
			sourceTree = "<group>";
		};
/* End PBXGroup section */

/* Begin PBXNativeTarget section */
		54E476542A402D0B00539C38 /* NewsApi */ = {
			isa = PBXNativeTarget;
			buildConfigurationList = 54E476692A402D0E00539C38 /* Build configuration list for PBXNativeTarget "NewsApi" */;
			buildPhases = (
				3EB69AC93BC620AD8660D3A2 /* [CP] Check Pods Manifest.lock */,
				54E476512A402D0B00539C38 /* Sources */,
				54E476522A402D0B00539C38 /* Frameworks */,
				54E476532A402D0B00539C38 /* Resources */,
				05135D21A049715FB931E97D /* [CP] Embed Pods Frameworks */,
			);
			buildRules = (
			);
			dependencies = (
			);
			name = NewsApi;
			productName = NewsApi;
			productReference = 54E476552A402D0B00539C38 /* NewsApi.app */;
			productType = "com.apple.product-type.application";
		};
/* End PBXNativeTarget section */

/* Begin PBXProject section */
		54E4764D2A402D0B00539C38 /* Project object */ = {
			isa = PBXProject;
			attributes = {
				BuildIndependentTargetsInParallel = 1;
				LastSwiftUpdateCheck = 1430;
				LastUpgradeCheck = 1430;
				TargetAttributes = {
					54E476542A402D0B00539C38 = {
						CreatedOnToolsVersion = 14.3.1;
					};
				};
			};
			buildConfigurationList = 54E476502A402D0B00539C38 /* Build configuration list for PBXProject "NewsApi" */;
			compatibilityVersion = "Xcode 12.0";
			developmentRegion = en;
			hasScannedForEncodings = 0;
			knownRegions = (
				en,
				Base,
			);
			mainGroup = 54E4764C2A402D0B00539C38;
			productRefGroup = 54E476562A402D0B00539C38 /* Products */;
			projectDirPath = "";
			projectRoot = "";
			targets = (
				54E476542A402D0B00539C38 /* NewsApi */,
			);
		};
/* End PBXProject section */

/* Begin PBXResourcesBuildPhase section */
		54E476532A402D0B00539C38 /* Resources */ = {
			isa = PBXResourcesBuildPhase;
			buildActionMask = 2147483647;
			files = (
				541071D42A4179AA001418F9 /* NewsCategoriesController.xib in Resources */,
				54E476652A402D0D00539C38 /* LaunchScreen.storyboard in Resources */,
				54E476A42A40348D00539C38 /* NewsSourceCell.xib in Resources */,
				54E476812A40334100539C38 /* NewsArticlesController.xib in Resources */,
				54E476A02A40347D00539C38 /* NewsArticleCell.xib in Resources */,
				54E476622A402D0D00539C38 /* Assets.xcassets in Resources */,
				54112D682A4318F400F77F7C /* LoadingView.xib in Resources */,
				54E476862A40335F00539C38 /* ArticleDetailViewController.xib in Resources */,
				54E4767D2A40332A00539C38 /* NewsSourcesController.xib in Resources */,
			);
			runOnlyForDeploymentPostprocessing = 0;
		};
/* End PBXResourcesBuildPhase section */

/* Begin PBXShellScriptBuildPhase section */
		05135D21A049715FB931E97D /* [CP] Embed Pods Frameworks */ = {
			isa = PBXShellScriptBuildPhase;
			buildActionMask = 2147483647;
			files = (
			);
			inputFileListPaths = (
				"${PODS_ROOT}/Target Support Files/Pods-NewsApi/Pods-NewsApi-frameworks-${CONFIGURATION}-input-files.xcfilelist",
			);
			name = "[CP] Embed Pods Frameworks";
			outputFileListPaths = (
				"${PODS_ROOT}/Target Support Files/Pods-NewsApi/Pods-NewsApi-frameworks-${CONFIGURATION}-output-files.xcfilelist",
			);
			runOnlyForDeploymentPostprocessing = 0;
			shellPath = /bin/sh;
			shellScript = "\"${PODS_ROOT}/Target Support Files/Pods-NewsApi/Pods-NewsApi-frameworks.sh\"\n";
			showEnvVarsInLog = 0;
		};
		3EB69AC93BC620AD8660D3A2 /* [CP] Check Pods Manifest.lock */ = {
			isa = PBXShellScriptBuildPhase;
			buildActionMask = 2147483647;
			files = (
			);
			inputFileListPaths = (
			);
			inputPaths = (
				"${PODS_PODFILE_DIR_PATH}/Podfile.lock",
				"${PODS_ROOT}/Manifest.lock",
			);
			name = "[CP] Check Pods Manifest.lock";
			outputFileListPaths = (
			);
			outputPaths = (
				"$(DERIVED_FILE_DIR)/Pods-NewsApi-checkManifestLockResult.txt",
			);
			runOnlyForDeploymentPostprocessing = 0;
			shellPath = /bin/sh;
			shellScript = "diff \"${PODS_PODFILE_DIR_PATH}/Podfile.lock\" \"${PODS_ROOT}/Manifest.lock\" > /dev/null\nif [ $? != 0 ] ; then\n    # print error to STDERR\n    echo \"error: The sandbox is not in sync with the Podfile.lock. Run 'pod install' or update your CocoaPods installation.\" >&2\n    exit 1\nfi\n# This output is used by Xcode 'outputs' to avoid re-running this script phase.\necho \"SUCCESS\" > \"${SCRIPT_OUTPUT_FILE_0}\"\n";
			showEnvVarsInLog = 0;
		};
/* End PBXShellScriptBuildPhase section */

/* Begin PBXSourcesBuildPhase section */
		54E476512A402D0B00539C38 /* Sources */ = {
			isa = PBXSourcesBuildPhase;
			buildActionMask = 2147483647;
			files = (
				54CB1F5B2A419AFD0041FFD2 /* NewsUserDefaults.swift in Sources */,
				54E476592A402D0B00539C38 /* AppDelegate.swift in Sources */,
				54CB1F5F2A41AF3F0041FFD2 /* ArticleDetailPresenter.swift in Sources */,
				545A04E32A407CCE00A62506 /* APIService.swift in Sources */,
				54E476922A4033C200539C38 /* NewsCategory.swift in Sources */,
				541071C82A4147F6001418F9 /* UITableViewExtension.swift in Sources */,
				54E4768C2A40339D00539C38 /* NewsSourcesPresenter.swift in Sources */,
				54E4765B2A402D0B00539C38 /* SceneDelegate.swift in Sources */,
				54E4769B2A4033F700539C38 /* NewsApiServices.swift in Sources */,
				54E476882A40337F00539C38 /* NewsInteractor.swift in Sources */,
				54E476902A4033AF00539C38 /* NewsArticlesPresenter.swift in Sources */,
				54E476AE2A4046C300539C38 /* UIImageViewExtension.swift in Sources */,
				54112D642A42F23200F77F7C /* UIViewControllerExtension.swift in Sources */,
				54E4768A2A40339100539C38 /* NewsCategoriesPresenter.swift in Sources */,
				54112D6A2A431A7000F77F7C /* UIColorExtension.swift in Sources */,
				54E476852A40335F00539C38 /* ArticleDetailViewController.swift in Sources */,
				545A04E52A4084AB00A62506 /* NewsEnums.swift in Sources */,
				54E476982A4033DC00539C38 /* Router.swift in Sources */,
				54E4769F2A40347D00539C38 /* NewsArticleCell.swift in Sources */,
				54E476762A4032D300539C38 /* NewsCategoriesController.swift in Sources */,
				541071CC2A41747A001418F9 /* UIViewExtension.swift in Sources */,
				54112D662A42F2A200F77F7C /* LoadingView.swift in Sources */,
				54230F542A4359FB00743AB2 /* UILabelExtension.swift in Sources */,
				54E476802A40334100539C38 /* NewsArticlesController.swift in Sources */,
				541071D62A417E82001418F9 /* CategoryEnums.swift in Sources */,
				54E4767C2A40332A00539C38 /* NewsSourcesController.swift in Sources */,
				54CB1F5D2A41A43B0041FFD2 /* FetchError.swift in Sources */,
				54230F522A43579600743AB2 /* AlertView.swift in Sources */,
				541071CA2A41690A001418F9 /* Endpoints.swift in Sources */,
				54E476A32A40348D00539C38 /* NewsSourceCell.swift in Sources */,
			);
			runOnlyForDeploymentPostprocessing = 0;
		};
/* End PBXSourcesBuildPhase section */

/* Begin PBXVariantGroup section */
		54E476632A402D0D00539C38 /* LaunchScreen.storyboard */ = {
			isa = PBXVariantGroup;
			children = (
				54E476642A402D0D00539C38 /* Base */,
			);
			name = LaunchScreen.storyboard;
			sourceTree = "<group>";
		};
/* End PBXVariantGroup section */

/* Begin XCBuildConfiguration section */
		54E476672A402D0E00539C38 /* Debug */ = {
			isa = XCBuildConfiguration;
			buildSettings = {
				ALWAYS_SEARCH_USER_PATHS = NO;
				CLANG_ANALYZER_NONNULL = YES;
				CLANG_ANALYZER_NUMBER_OBJECT_CONVERSION = YES_AGGRESSIVE;
				CLANG_CXX_LANGUAGE_STANDARD = "gnu++20";
				CLANG_ENABLE_MODULES = YES;
				CLANG_ENABLE_OBJC_ARC = YES;
				CLANG_ENABLE_OBJC_WEAK = YES;
				CLANG_WARN_BLOCK_CAPTURE_AUTORELEASING = YES;
				CLANG_WARN_BOOL_CONVERSION = YES;
				CLANG_WARN_COMMA = YES;
				CLANG_WARN_CONSTANT_CONVERSION = YES;
				CLANG_WARN_DEPRECATED_OBJC_IMPLEMENTATIONS = YES;
				CLANG_WARN_DIRECT_OBJC_ISA_USAGE = YES_ERROR;
				CLANG_WARN_DOCUMENTATION_COMMENTS = YES;
				CLANG_WARN_EMPTY_BODY = YES;
				CLANG_WARN_ENUM_CONVERSION = YES;
				CLANG_WARN_INFINITE_RECURSION = YES;
				CLANG_WARN_INT_CONVERSION = YES;
				CLANG_WARN_NON_LITERAL_NULL_CONVERSION = YES;
				CLANG_WARN_OBJC_IMPLICIT_RETAIN_SELF = YES;
				CLANG_WARN_OBJC_LITERAL_CONVERSION = YES;
				CLANG_WARN_OBJC_ROOT_CLASS = YES_ERROR;
				CLANG_WARN_QUOTED_INCLUDE_IN_FRAMEWORK_HEADER = YES;
				CLANG_WARN_RANGE_LOOP_ANALYSIS = YES;
				CLANG_WARN_STRICT_PROTOTYPES = YES;
				CLANG_WARN_SUSPICIOUS_MOVE = YES;
				CLANG_WARN_UNGUARDED_AVAILABILITY = YES_AGGRESSIVE;
				CLANG_WARN_UNREACHABLE_CODE = YES;
				CLANG_WARN__DUPLICATE_METHOD_MATCH = YES;
				COPY_PHASE_STRIP = NO;
				DEBUG_INFORMATION_FORMAT = dwarf;
				ENABLE_STRICT_OBJC_MSGSEND = YES;
				ENABLE_TESTABILITY = YES;
				GCC_C_LANGUAGE_STANDARD = gnu11;
				GCC_DYNAMIC_NO_PIC = NO;
				GCC_NO_COMMON_BLOCKS = YES;
				GCC_OPTIMIZATION_LEVEL = 0;
				GCC_PREPROCESSOR_DEFINITIONS = (
					"DEBUG=1",
					"$(inherited)",
				);
				GCC_WARN_64_TO_32_BIT_CONVERSION = YES;
				GCC_WARN_ABOUT_RETURN_TYPE = YES_ERROR;
				GCC_WARN_UNDECLARED_SELECTOR = YES;
				GCC_WARN_UNINITIALIZED_AUTOS = YES_AGGRESSIVE;
				GCC_WARN_UNUSED_FUNCTION = YES;
				GCC_WARN_UNUSED_VARIABLE = YES;
				IPHONEOS_DEPLOYMENT_TARGET = 16.4;
				MTL_ENABLE_DEBUG_INFO = INCLUDE_SOURCE;
				MTL_FAST_MATH = YES;
				ONLY_ACTIVE_ARCH = YES;
				SDKROOT = iphoneos;
				SWIFT_ACTIVE_COMPILATION_CONDITIONS = DEBUG;
				SWIFT_OPTIMIZATION_LEVEL = "-Onone";
			};
			name = Debug;
		};
		54E476682A402D0E00539C38 /* Release */ = {
			isa = XCBuildConfiguration;
			buildSettings = {
				ALWAYS_SEARCH_USER_PATHS = NO;
				CLANG_ANALYZER_NONNULL = YES;
				CLANG_ANALYZER_NUMBER_OBJECT_CONVERSION = YES_AGGRESSIVE;
				CLANG_CXX_LANGUAGE_STANDARD = "gnu++20";
				CLANG_ENABLE_MODULES = YES;
				CLANG_ENABLE_OBJC_ARC = YES;
				CLANG_ENABLE_OBJC_WEAK = YES;
				CLANG_WARN_BLOCK_CAPTURE_AUTORELEASING = YES;
				CLANG_WARN_BOOL_CONVERSION = YES;
				CLANG_WARN_COMMA = YES;
				CLANG_WARN_CONSTANT_CONVERSION = YES;
				CLANG_WARN_DEPRECATED_OBJC_IMPLEMENTATIONS = YES;
				CLANG_WARN_DIRECT_OBJC_ISA_USAGE = YES_ERROR;
				CLANG_WARN_DOCUMENTATION_COMMENTS = YES;
				CLANG_WARN_EMPTY_BODY = YES;
				CLANG_WARN_ENUM_CONVERSION = YES;
				CLANG_WARN_INFINITE_RECURSION = YES;
				CLANG_WARN_INT_CONVERSION = YES;
				CLANG_WARN_NON_LITERAL_NULL_CONVERSION = YES;
				CLANG_WARN_OBJC_IMPLICIT_RETAIN_SELF = YES;
				CLANG_WARN_OBJC_LITERAL_CONVERSION = YES;
				CLANG_WARN_OBJC_ROOT_CLASS = YES_ERROR;
				CLANG_WARN_QUOTED_INCLUDE_IN_FRAMEWORK_HEADER = YES;
				CLANG_WARN_RANGE_LOOP_ANALYSIS = YES;
				CLANG_WARN_STRICT_PROTOTYPES = YES;
				CLANG_WARN_SUSPICIOUS_MOVE = YES;
				CLANG_WARN_UNGUARDED_AVAILABILITY = YES_AGGRESSIVE;
				CLANG_WARN_UNREACHABLE_CODE = YES;
				CLANG_WARN__DUPLICATE_METHOD_MATCH = YES;
				COPY_PHASE_STRIP = NO;
				DEBUG_INFORMATION_FORMAT = "dwarf-with-dsym";
				ENABLE_NS_ASSERTIONS = NO;
				ENABLE_STRICT_OBJC_MSGSEND = YES;
				GCC_C_LANGUAGE_STANDARD = gnu11;
				GCC_NO_COMMON_BLOCKS = YES;
				GCC_WARN_64_TO_32_BIT_CONVERSION = YES;
				GCC_WARN_ABOUT_RETURN_TYPE = YES_ERROR;
				GCC_WARN_UNDECLARED_SELECTOR = YES;
				GCC_WARN_UNINITIALIZED_AUTOS = YES_AGGRESSIVE;
				GCC_WARN_UNUSED_FUNCTION = YES;
				GCC_WARN_UNUSED_VARIABLE = YES;
				IPHONEOS_DEPLOYMENT_TARGET = 16.4;
				MTL_ENABLE_DEBUG_INFO = NO;
				MTL_FAST_MATH = YES;
				SDKROOT = iphoneos;
				SWIFT_COMPILATION_MODE = wholemodule;
				SWIFT_OPTIMIZATION_LEVEL = "-O";
				VALIDATE_PRODUCT = YES;
			};
			name = Release;
		};
		54E4766A2A402D0E00539C38 /* Debug */ = {
			isa = XCBuildConfiguration;
			baseConfigurationReference = 7AC7197CD7CE587FB0617625 /* Pods-NewsApi.debug.xcconfig */;
			buildSettings = {
				ASSETCATALOG_COMPILER_APPICON_NAME = AppIcon;
				ASSETCATALOG_COMPILER_GLOBAL_ACCENT_COLOR_NAME = AccentColor;
				CODE_SIGN_STYLE = Automatic;
				CURRENT_PROJECT_VERSION = 1;
				DEVELOPMENT_TEAM = MGKUJRGM26;
				GENERATE_INFOPLIST_FILE = YES;
				INFOPLIST_FILE = NewsApi/Info.plist;
				INFOPLIST_KEY_UIApplicationSupportsIndirectInputEvents = YES;
				INFOPLIST_KEY_UILaunchStoryboardName = LaunchScreen;
				INFOPLIST_KEY_UISupportedInterfaceOrientations = UIInterfaceOrientationPortrait;
				INFOPLIST_KEY_UISupportedInterfaceOrientations_iPad = "UIInterfaceOrientationLandscapeLeft UIInterfaceOrientationLandscapeRight UIInterfaceOrientationPortrait UIInterfaceOrientationPortraitUpsideDown";
				LD_RUNPATH_SEARCH_PATHS = (
					"$(inherited)",
					"@executable_path/Frameworks",
				);
				MARKETING_VERSION = 1.0;
				PRODUCT_BUNDLE_IDENTIFIER = com.mauldy.NewsApi;
				PRODUCT_NAME = "$(TARGET_NAME)";
				SUPPORTED_PLATFORMS = "iphoneos iphonesimulator";
				SUPPORTS_MACCATALYST = NO;
				SUPPORTS_MAC_DESIGNED_FOR_IPHONE_IPAD = NO;
				SWIFT_EMIT_LOC_STRINGS = YES;
				SWIFT_VERSION = 5.0;
				TARGETED_DEVICE_FAMILY = 1;
			};
			name = Debug;
		};
		54E4766B2A402D0E00539C38 /* Release */ = {
			isa = XCBuildConfiguration;
			baseConfigurationReference = 9BF65A2F755853DFA3806F76 /* Pods-NewsApi.release.xcconfig */;
			buildSettings = {
				ASSETCATALOG_COMPILER_APPICON_NAME = AppIcon;
				ASSETCATALOG_COMPILER_GLOBAL_ACCENT_COLOR_NAME = AccentColor;
				CODE_SIGN_STYLE = Automatic;
				CURRENT_PROJECT_VERSION = 1;
				DEVELOPMENT_TEAM = MGKUJRGM26;
				GENERATE_INFOPLIST_FILE = YES;
				INFOPLIST_FILE = NewsApi/Info.plist;
				INFOPLIST_KEY_UIApplicationSupportsIndirectInputEvents = YES;
				INFOPLIST_KEY_UILaunchStoryboardName = LaunchScreen;
				INFOPLIST_KEY_UISupportedInterfaceOrientations = UIInterfaceOrientationPortrait;
				INFOPLIST_KEY_UISupportedInterfaceOrientations_iPad = "UIInterfaceOrientationLandscapeLeft UIInterfaceOrientationLandscapeRight UIInterfaceOrientationPortrait UIInterfaceOrientationPortraitUpsideDown";
				LD_RUNPATH_SEARCH_PATHS = (
					"$(inherited)",
					"@executable_path/Frameworks",
				);
				MARKETING_VERSION = 1.0;
				PRODUCT_BUNDLE_IDENTIFIER = com.mauldy.NewsApi;
				PRODUCT_NAME = "$(TARGET_NAME)";
				SUPPORTED_PLATFORMS = "iphoneos iphonesimulator";
				SUPPORTS_MACCATALYST = NO;
				SUPPORTS_MAC_DESIGNED_FOR_IPHONE_IPAD = NO;
				SWIFT_EMIT_LOC_STRINGS = YES;
				SWIFT_VERSION = 5.0;
				TARGETED_DEVICE_FAMILY = 1;
			};
			name = Release;
		};
/* End XCBuildConfiguration section */

/* Begin XCConfigurationList section */
		54E476502A402D0B00539C38 /* Build configuration list for PBXProject "NewsApi" */ = {
			isa = XCConfigurationList;
			buildConfigurations = (
				54E476672A402D0E00539C38 /* Debug */,
				54E476682A402D0E00539C38 /* Release */,
			);
			defaultConfigurationIsVisible = 0;
			defaultConfigurationName = Release;
		};
		54E476692A402D0E00539C38 /* Build configuration list for PBXNativeTarget "NewsApi" */ = {
			isa = XCConfigurationList;
			buildConfigurations = (
				54E4766A2A402D0E00539C38 /* Debug */,
				54E4766B2A402D0E00539C38 /* Release */,
			);
			defaultConfigurationIsVisible = 0;
			defaultConfigurationName = Release;
		};
/* End XCConfigurationList section */
	};
	rootObject = 54E4764D2A402D0B00539C38 /* Project object */;
}
